// !$*UTF8*$!
{
	archiveVersion = 1;
	classes = {
	};
	objectVersion = 50;
	objects = {

/* Begin PBXBuildFile section */
		CB50566D2214DDAF00EC4EF0 /* CanvasController.swift in Sources */ = {isa = PBXBuildFile; fileRef = CB50566C2214DDAF00EC4EF0 /* CanvasController.swift */; };
		CB9B22182125EC8C00BB61FF /* AppDelegate.swift in Sources */ = {isa = PBXBuildFile; fileRef = CB9B22172125EC8C00BB61FF /* AppDelegate.swift */; };
		CB9B221A2125EC8C00BB61FF /* ViewController.swift in Sources */ = {isa = PBXBuildFile; fileRef = CB9B22192125EC8C00BB61FF /* ViewController.swift */; };
		CB9B221D2125EC8C00BB61FF /* Main.storyboard in Resources */ = {isa = PBXBuildFile; fileRef = CB9B221B2125EC8C00BB61FF /* Main.storyboard */; };
		CB9B221F2125EC8D00BB61FF /* Assets.xcassets in Resources */ = {isa = PBXBuildFile; fileRef = CB9B221E2125EC8D00BB61FF /* Assets.xcassets */; };
		CB9B22222125EC8D00BB61FF /* LaunchScreen.storyboard in Resources */ = {isa = PBXBuildFile; fileRef = CB9B22202125EC8D00BB61FF /* LaunchScreen.storyboard */; };
		CBBEEFCB221DE3CF0029ECDE /* demo.js in Resources */ = {isa = PBXBuildFile; fileRef = CBBEEFCA221DE3CF0029ECDE /* demo.js */; };
		CBBEEFCD221DE7A10029ECDE /* hanzi-writer.min.js in Resources */ = {isa = PBXBuildFile; fileRef = CBBEEFCC221DE7A10029ECDE /* hanzi-writer.min.js */; };
		CBBF2A06221C81F5008B6216 /* index.html in Resources */ = {isa = PBXBuildFile; fileRef = CBBF2A05221C81F5008B6216 /* index.html */; };
/* End PBXBuildFile section */

/* Begin PBXFileReference section */
		CB50566C2214DDAF00EC4EF0 /* CanvasController.swift */ = {isa = PBXFileReference; lastKnownFileType = sourcecode.swift; path = CanvasController.swift; sourceTree = "<group>"; };
		CB9B22142125EC8C00BB61FF /* Strokes.app */ = {isa = PBXFileReference; explicitFileType = wrapper.application; includeInIndex = 0; path = Strokes.app; sourceTree = BUILT_PRODUCTS_DIR; };
		CB9B22172125EC8C00BB61FF /* AppDelegate.swift */ = {isa = PBXFileReference; lastKnownFileType = sourcecode.swift; path = AppDelegate.swift; sourceTree = "<group>"; };
		CB9B22192125EC8C00BB61FF /* ViewController.swift */ = {isa = PBXFileReference; lastKnownFileType = sourcecode.swift; path = ViewController.swift; sourceTree = "<group>"; };
		CB9B221C2125EC8C00BB61FF /* Base */ = {isa = PBXFileReference; lastKnownFileType = file.storyboard; name = Base; path = Base.lproj/Main.storyboard; sourceTree = "<group>"; };
		CB9B221E2125EC8D00BB61FF /* Assets.xcassets */ = {isa = PBXFileReference; lastKnownFileType = folder.assetcatalog; path = Assets.xcassets; sourceTree = "<group>"; };
		CB9B22212125EC8D00BB61FF /* Base */ = {isa = PBXFileReference; lastKnownFileType = file.storyboard; name = Base; path = Base.lproj/LaunchScreen.storyboard; sourceTree = "<group>"; };
		CB9B22232125EC8D00BB61FF /* Info.plist */ = {isa = PBXFileReference; lastKnownFileType = text.plist.xml; path = Info.plist; sourceTree = "<group>"; };
		CB9B222B2125F18100BB61FF /* README.md */ = {isa = PBXFileReference; lastKnownFileType = net.daringfireball.markdown; path = README.md; sourceTree = "<group>"; };
		CBBEEFCA221DE3CF0029ECDE /* demo.js */ = {isa = PBXFileReference; fileEncoding = 4; lastKnownFileType = sourcecode.javascript; path = demo.js; sourceTree = "<group>"; };
		CBBEEFCC221DE7A10029ECDE /* hanzi-writer.min.js */ = {isa = PBXFileReference; fileEncoding = 4; lastKnownFileType = sourcecode.javascript; path = "hanzi-writer.min.js"; sourceTree = "<group>"; };
		CBBF2A05221C81F5008B6216 /* index.html */ = {isa = PBXFileReference; lastKnownFileType = text.html; path = index.html; sourceTree = "<group>"; };
/* End PBXFileReference section */

/* Begin PBXFrameworksBuildPhase section */
		CB9B22112125EC8C00BB61FF /* Frameworks */ = {
			isa = PBXFrameworksBuildPhase;
			buildActionMask = 2147483647;
			files = (
			);
			runOnlyForDeploymentPostprocessing = 0;
		};
/* End PBXFrameworksBuildPhase section */

/* Begin PBXGroup section */
		CB337258220371CA001009FE /* Supporting Files */ = {
			isa = PBXGroup;
			children = (
				CBBEEFCC221DE7A10029ECDE /* hanzi-writer.min.js */,
				CB9B22172125EC8C00BB61FF /* AppDelegate.swift */,
				CB9B22202125EC8D00BB61FF /* LaunchScreen.storyboard */,
			);
			path = "Supporting Files";
			sourceTree = "<group>";
		};
		CB9B220B2125EC8C00BB61FF = {
			isa = PBXGroup;
			children = (
				CB9B222B2125F18100BB61FF /* README.md */,
				CB9B22162125EC8C00BB61FF /* Strokes */,
				CB9B22152125EC8C00BB61FF /* Products */,
			);
			sourceTree = "<group>";
		};
		CB9B22152125EC8C00BB61FF /* Products */ = {
			isa = PBXGroup;
			children = (
				CB9B22142125EC8C00BB61FF /* Strokes.app */,
			);
			name = Products;
			sourceTree = "<group>";
		};
		CB9B22162125EC8C00BB61FF /* Strokes */ = {
			isa = PBXGroup;
			children = (
				CB337258220371CA001009FE /* Supporting Files */,
				CB9B221E2125EC8D00BB61FF /* Assets.xcassets */,
				CB9B22192125EC8C00BB61FF /* ViewController.swift */,
				CB50566C2214DDAF00EC4EF0 /* CanvasController.swift */,
				CB9B221B2125EC8C00BB61FF /* Main.storyboard */,
				CBBEEFCA221DE3CF0029ECDE /* demo.js */,
				CBBF2A05221C81F5008B6216 /* index.html */,
				CB9B22232125EC8D00BB61FF /* Info.plist */,
			);
			path = Strokes;
			sourceTree = "<group>";
		};
/* End PBXGroup section */

/* Begin PBXNativeTarget section */
		CB9B22132125EC8C00BB61FF /* Strokes */ = {
			isa = PBXNativeTarget;
			buildConfigurationList = CB9B22262125EC8D00BB61FF /* Build configuration list for PBXNativeTarget "Strokes" */;
			buildPhases = (
				CB9B22102125EC8C00BB61FF /* Sources */,
				CB9B22112125EC8C00BB61FF /* Frameworks */,
				CB9B22122125EC8C00BB61FF /* Resources */,
			);
			buildRules = (
			);
			dependencies = (
			);
			name = Strokes;
			productName = Strokes;
			productReference = CB9B22142125EC8C00BB61FF /* Strokes.app */;
			productType = "com.apple.product-type.application";
		};
/* End PBXNativeTarget section */

/* Begin PBXProject section */
		CB9B220C2125EC8C00BB61FF /* Project object */ = {
			isa = PBXProject;
			attributes = {
				LastSwiftUpdateCheck = 0940;
				LastUpgradeCheck = 0940;
				ORGANIZATIONNAME = com.example;
				TargetAttributes = {
					CB9B22132125EC8C00BB61FF = {
						CreatedOnToolsVersion = 9.4.1;
						LastSwiftMigration = 1000;
					};
				};
			};
			buildConfigurationList = CB9B220F2125EC8C00BB61FF /* Build configuration list for PBXProject "Strokes" */;
			compatibilityVersion = "Xcode 9.3";
			developmentRegion = en;
			hasScannedForEncodings = 0;
			knownRegions = (
				en,
				Base,
			);
			mainGroup = CB9B220B2125EC8C00BB61FF;
			productRefGroup = CB9B22152125EC8C00BB61FF /* Products */;
			projectDirPath = "";
			projectRoot = "";
			targets = (
				CB9B22132125EC8C00BB61FF /* Strokes */,
			);
		};
/* End PBXProject section */

/* Begin PBXResourcesBuildPhase section */
		CB9B22122125EC8C00BB61FF /* Resources */ = {
			isa = PBXResourcesBuildPhase;
			buildActionMask = 2147483647;
			files = (
				CBBF2A06221C81F5008B6216 /* index.html in Resources */,
				CB9B22222125EC8D00BB61FF /* LaunchScreen.storyboard in Resources */,
				CBBEEFCD221DE7A10029ECDE /* hanzi-writer.min.js in Resources */,
				CB9B221F2125EC8D00BB61FF /* Assets.xcassets in Resources */,
				CBBEEFCB221DE3CF0029ECDE /* demo.js in Resources */,
				CB9B221D2125EC8C00BB61FF /* Main.storyboard in Resources */,
			);
			runOnlyForDeploymentPostprocessing = 0;
		};
/* End PBXResourcesBuildPhase section */

/* Begin PBXSourcesBuildPhase section */
		CB9B22102125EC8C00BB61FF /* Sources */ = {
			isa = PBXSourcesBuildPhase;
			buildActionMask = 2147483647;
			files = (
				CB9B221A2125EC8C00BB61FF /* ViewController.swift in Sources */,
				CB50566D2214DDAF00EC4EF0 /* CanvasController.swift in Sources */,
				CB9B22182125EC8C00BB61FF /* AppDelegate.swift in Sources */,
			);
			runOnlyForDeploymentPostprocessing = 0;
		};
/* End PBXSourcesBuildPhase section */

/* Begin PBXVariantGroup section */
		CB9B221B2125EC8C00BB61FF /* Main.storyboard */ = {
			isa = PBXVariantGroup;
			children = (
				CB9B221C2125EC8C00BB61FF /* Base */,
			);
			name = Main.storyboard;
			sourceTree = "<group>";
		};
		CB9B22202125EC8D00BB61FF /* LaunchScreen.storyboard */ = {
			isa = PBXVariantGroup;
			children = (
				CB9B22212125EC8D00BB61FF /* Base */,
			);
			name = LaunchScreen.storyboard;
			sourceTree = "<group>";
		};
/* End PBXVariantGroup section */

/* Begin XCBuildConfiguration section */
		CB9B22242125EC8D00BB61FF /* Debug */ = {
			isa = XCBuildConfiguration;
			buildSettings = {
				ALWAYS_SEARCH_USER_PATHS = NO;
				CLANG_ANALYZER_NONNULL = YES;
				CLANG_ANALYZER_NUMBER_OBJECT_CONVERSION = YES_AGGRESSIVE;
				CLANG_CXX_LANGUAGE_STANDARD = "gnu++14";
				CLANG_CXX_LIBRARY = "libc++";
				CLANG_ENABLE_MODULES = YES;
				CLANG_ENABLE_OBJC_ARC = YES;
				CLANG_ENABLE_OBJC_WEAK = YES;
				CLANG_WARN_BLOCK_CAPTURE_AUTORELEASING = YES;
				CLANG_WARN_BOOL_CONVERSION = YES;
				CLANG_WARN_COMMA = YES;
				CLANG_WARN_CONSTANT_CONVERSION = YES;
				CLANG_WARN_DEPRECATED_OBJC_IMPLEMENTATIONS = YES;
				CLANG_WARN_DIRECT_OBJC_ISA_USAGE = YES_ERROR;
				CLANG_WARN_DOCUMENTATION_COMMENTS = YES;
				CLANG_WARN_EMPTY_BODY = YES;
				CLANG_WARN_ENUM_CONVERSION = YES;
				CLANG_WARN_INFINITE_RECURSION = YES;
				CLANG_WARN_INT_CONVERSION = YES;
				CLANG_WARN_NON_LITERAL_NULL_CONVERSION = YES;
				CLANG_WARN_OBJC_IMPLICIT_RETAIN_SELF = YES;
				CLANG_WARN_OBJC_LITERAL_CONVERSION = YES;
				CLANG_WARN_OBJC_ROOT_CLASS = YES_ERROR;
				CLANG_WARN_RANGE_LOOP_ANALYSIS = YES;
				CLANG_WARN_STRICT_PROTOTYPES = YES;
				CLANG_WARN_SUSPICIOUS_MOVE = YES;
				CLANG_WARN_UNGUARDED_AVAILABILITY = YES_AGGRESSIVE;
				CLANG_WARN_UNREACHABLE_CODE = YES;
				CLANG_WARN__DUPLICATE_METHOD_MATCH = YES;
				CODE_SIGN_IDENTITY = "iPhone Developer";
				COPY_PHASE_STRIP = NO;
				DEBUG_INFORMATION_FORMAT = dwarf;
				ENABLE_STRICT_OBJC_MSGSEND = YES;
				ENABLE_TESTABILITY = YES;
				GCC_C_LANGUAGE_STANDARD = gnu11;
				GCC_DYNAMIC_NO_PIC = NO;
				GCC_NO_COMMON_BLOCKS = YES;
				GCC_OPTIMIZATION_LEVEL = 0;
				GCC_PREPROCESSOR_DEFINITIONS = (
					"DEBUG=1",
					"$(inherited)",
				);
				GCC_WARN_64_TO_32_BIT_CONVERSION = YES;
				GCC_WARN_ABOUT_RETURN_TYPE = YES_ERROR;
				GCC_WARN_UNDECLARED_SELECTOR = YES;
				GCC_WARN_UNINITIALIZED_AUTOS = YES_AGGRESSIVE;
				GCC_WARN_UNUSED_FUNCTION = YES;
				GCC_WARN_UNUSED_VARIABLE = YES;
				IPHONEOS_DEPLOYMENT_TARGET = 11.4;
				MTL_ENABLE_DEBUG_INFO = YES;
				ONLY_ACTIVE_ARCH = YES;
				SDKROOT = iphoneos;
				SWIFT_ACTIVE_COMPILATION_CONDITIONS = DEBUG;
				SWIFT_OPTIMIZATION_LEVEL = "-Onone";
			};
			name = Debug;
		};
		CB9B22252125EC8D00BB61FF /* Release */ = {
			isa = XCBuildConfiguration;
			buildSettings = {
				ALWAYS_SEARCH_USER_PATHS = NO;
				CLANG_ANALYZER_NONNULL = YES;
				CLANG_ANALYZER_NUMBER_OBJECT_CONVERSION = YES_AGGRESSIVE;
				CLANG_CXX_LANGUAGE_STANDARD = "gnu++14";
				CLANG_CXX_LIBRARY = "libc++";
				CLANG_ENABLE_MODULES = YES;
				CLANG_ENABLE_OBJC_ARC = YES;
				CLANG_ENABLE_OBJC_WEAK = YES;
				CLANG_WARN_BLOCK_CAPTURE_AUTORELEASING = YES;
				CLANG_WARN_BOOL_CONVERSION = YES;
				CLANG_WARN_COMMA = YES;
				CLANG_WARN_CONSTANT_CONVERSION = YES;
				CLANG_WARN_DEPRECATED_OBJC_IMPLEMENTATIONS = YES;
				CLANG_WARN_DIRECT_OBJC_ISA_USAGE = YES_ERROR;
				CLANG_WARN_DOCUMENTATION_COMMENTS = YES;
				CLANG_WARN_EMPTY_BODY = YES;
				CLANG_WARN_ENUM_CONVERSION = YES;
				CLANG_WARN_INFINITE_RECURSION = YES;
				CLANG_WARN_INT_CONVERSION = YES;
				CLANG_WARN_NON_LITERAL_NULL_CONVERSION = YES;
				CLANG_WARN_OBJC_IMPLICIT_RETAIN_SELF = YES;
				CLANG_WARN_OBJC_LITERAL_CONVERSION = YES;
				CLANG_WARN_OBJC_ROOT_CLASS = YES_ERROR;
				CLANG_WARN_RANGE_LOOP_ANALYSIS = YES;
				CLANG_WARN_STRICT_PROTOTYPES = YES;
				CLANG_WARN_SUSPICIOUS_MOVE = YES;
				CLANG_WARN_UNGUARDED_AVAILABILITY = YES_AGGRESSIVE;
				CLANG_WARN_UNREACHABLE_CODE = YES;
				CLANG_WARN__DUPLICATE_METHOD_MATCH = YES;
				CODE_SIGN_IDENTITY = "iPhone Developer";
				COPY_PHASE_STRIP = NO;
				DEBUG_INFORMATION_FORMAT = "dwarf-with-dsym";
				ENABLE_NS_ASSERTIONS = NO;
				ENABLE_STRICT_OBJC_MSGSEND = YES;
				GCC_C_LANGUAGE_STANDARD = gnu11;
				GCC_NO_COMMON_BLOCKS = YES;
				GCC_WARN_64_TO_32_BIT_CONVERSION = YES;
				GCC_WARN_ABOUT_RETURN_TYPE = YES_ERROR;
				GCC_WARN_UNDECLARED_SELECTOR = YES;
				GCC_WARN_UNINITIALIZED_AUTOS = YES_AGGRESSIVE;
				GCC_WARN_UNUSED_FUNCTION = YES;
				GCC_WARN_UNUSED_VARIABLE = YES;
				IPHONEOS_DEPLOYMENT_TARGET = 11.4;
				MTL_ENABLE_DEBUG_INFO = NO;
				SDKROOT = iphoneos;
				SWIFT_COMPILATION_MODE = wholemodule;
				SWIFT_OPTIMIZATION_LEVEL = "-O";
				VALIDATE_PRODUCT = YES;
			};
			name = Release;
		};
		CB9B22272125EC8D00BB61FF /* Debug */ = {
			isa = XCBuildConfiguration;
			buildSettings = {
				ASSETCATALOG_COMPILER_APPICON_NAME = AppIcon;
				CODE_SIGN_IDENTITY = "iPhone Developer";
				CODE_SIGN_STYLE = Automatic;
				DEVELOPMENT_TEAM = U3HDXSVPJM;
				INFOPLIST_FILE = Strokes/Info.plist;
				IPHONEOS_DEPLOYMENT_TARGET = 12.1;
				LD_RUNPATH_SEARCH_PATHS = (
					"$(inherited)",
					"@executable_path/Frameworks",
				);
				PRODUCT_BUNDLE_IDENTIFIER = tsainez.Strokes;
				PRODUCT_NAME = "$(TARGET_NAME)";
				PROVISIONING_PROFILE_SPECIFIER = "";
				SWIFT_VERSION = 4.2;
				TARGETED_DEVICE_FAMILY = 1;
			};
			name = Debug;
		};
		CB9B22282125EC8D00BB61FF /* Release */ = {
			isa = XCBuildConfiguration;
			buildSettings = {
				ASSETCATALOG_COMPILER_APPICON_NAME = AppIcon;
				CODE_SIGN_IDENTITY = "iPhone Developer";
				CODE_SIGN_STYLE = Automatic;
				DEVELOPMENT_TEAM = U3HDXSVPJM;
				INFOPLIST_FILE = Strokes/Info.plist;
				IPHONEOS_DEPLOYMENT_TARGET = 12.1;
				LD_RUNPATH_SEARCH_PATHS = (
					"$(inherited)",
					"@executable_path/Frameworks",
				);
				PRODUCT_BUNDLE_IDENTIFIER = tsainez.Strokes;
				PRODUCT_NAME = "$(TARGET_NAME)";
				PROVISIONING_PROFILE_SPECIFIER = "";
				SWIFT_VERSION = 4.2;
				TARGETED_DEVICE_FAMILY = 1;
			};
			name = Release;
		};
/* End XCBuildConfiguration section */

/* Begin XCConfigurationList section */
		CB9B220F2125EC8C00BB61FF /* Build configuration list for PBXProject "Strokes" */ = {
			isa = XCConfigurationList;
			buildConfigurations = (
				CB9B22242125EC8D00BB61FF /* Debug */,
				CB9B22252125EC8D00BB61FF /* Release */,
			);
			defaultConfigurationIsVisible = 0;
			defaultConfigurationName = Release;
		};
		CB9B22262125EC8D00BB61FF /* Build configuration list for PBXNativeTarget "Strokes" */ = {
			isa = XCConfigurationList;
			buildConfigurations = (
				CB9B22272125EC8D00BB61FF /* Debug */,
				CB9B22282125EC8D00BB61FF /* Release */,
			);
			defaultConfigurationIsVisible = 0;
			defaultConfigurationName = Release;
		};
/* End XCConfigurationList section */
	};
	rootObject = CB9B220C2125EC8C00BB61FF /* Project object */;
}
